
Microsoft Visual Studio Solution File, Format Version 12.00
# Visual Studio 15
Project("{FAE04EC0-301F-11D3-BF4B-00C04F79EFBC}") = "Assembly-CSharp", "Assembly-CSharp.csproj", "{EBD0298B-1C7E-2AFB-A783-B09D66338418}"
EndProject
Global
	GlobalSection(SolutionConfigurationPlatforms) = preSolution
		Debug|Any CPU = Debug|Any CPU
		Release|Any CPU = Release|Any CPU
	EndGlobalSection
	GlobalSection(ProjectConfigurationPlatforms) = postSolution
		{EBD0298B-1C7E-2AFB-A783-B09D66338418}.Debug|Any CPU.ActiveCfg = Debug|Any CPU
		{EBD0298B-1C7E-2AFB-A783-B09D66338418}.Debug|Any CPU.Build.0 = Debug|Any CPU
		{EBD0298B-1C7E-2AFB-A783-B09D66338418}.Release|Any CPU.ActiveCfg = Release|Any CPU
		{EBD0298B-1C7E-2AFB-A783-B09D66338418}.Release|Any CPU.Build.0 = Release|Any CPU
	EndGlobalSection
	GlobalSection(SolutionProperties) = preSolution
		HideSolutionNode = FALSE
	EndGlobalSection
EndGlobal
